
Microsoft Visual Studio Solution File, Format Version 12.00
# Visual Studio Version 16
VisualStudioVersion = 16.0.30804.86
MinimumVisualStudioVersion = 10.0.40219.1
Project("{9A19103F-16F7-4668-BE54-9A1E7A4F7556}") = "Surveys.API", "Surveys.API\Surveys.API.csproj", "{45E1A548-C1E0-4512-AC49-66082922AFC4}"
EndProject
Project("{FAE04EC0-301F-11D3-BF4B-00C04F79EFBC}") = "Surveys.Core", "Surveys.Core\Surveys.Core.csproj", "{4A350E3F-447E-4ECB-85B2-84951387F73A}"
EndProject
Project("{FAE04EC0-301F-11D3-BF4B-00C04F79EFBC}") = "Surveys.Infrastructure", "Surveys.Infrastructure\Surveys.Infrastructure.csproj", "{9C4EAE70-A075-4FA2-B2DA-9925CF986352}"
EndProject
Global
	GlobalSection(SolutionConfigurationPlatforms) = preSolution
		Debug|Any CPU = Debug|Any CPU
		Release|Any CPU = Release|Any CPU
	EndGlobalSection
	GlobalSection(ProjectConfigurationPlatforms) = postSolution
		{45E1A548-C1E0-4512-AC49-66082922AFC4}.Debug|Any CPU.ActiveCfg = Debug|Any CPU
		{45E1A548-C1E0-4512-AC49-66082922AFC4}.Debug|Any CPU.Build.0 = Debug|Any CPU
		{45E1A548-C1E0-4512-AC49-66082922AFC4}.Release|Any CPU.ActiveCfg = Release|Any CPU
		{45E1A548-C1E0-4512-AC49-66082922AFC4}.Release|Any CPU.Build.0 = Release|Any CPU
		{4A350E3F-447E-4ECB-85B2-84951387F73A}.Debug|Any CPU.ActiveCfg = Debug|Any CPU
		{4A350E3F-447E-4ECB-85B2-84951387F73A}.Debug|Any CPU.Build.0 = Debug|Any CPU
		{4A350E3F-447E-4ECB-85B2-84951387F73A}.Release|Any CPU.ActiveCfg = Release|Any CPU
		{4A350E3F-447E-4ECB-85B2-84951387F73A}.Release|Any CPU.Build.0 = Release|Any CPU
		{9C4EAE70-A075-4FA2-B2DA-9925CF986352}.Debug|Any CPU.ActiveCfg = Debug|Any CPU
		{9C4EAE70-A075-4FA2-B2DA-9925CF986352}.Debug|Any CPU.Build.0 = Debug|Any CPU
		{9C4EAE70-A075-4FA2-B2DA-9925CF986352}.Release|Any CPU.ActiveCfg = Release|Any CPU
		{9C4EAE70-A075-4FA2-B2DA-9925CF986352}.Release|Any CPU.Build.0 = Release|Any CPU
	EndGlobalSection
	GlobalSection(SolutionProperties) = preSolution
		HideSolutionNode = FALSE
	EndGlobalSection
	GlobalSection(ExtensibilityGlobals) = postSolution
		SolutionGuid = {40560A4F-7139-4681-8133-CF447408B0FC}
	EndGlobalSection
EndGlobal
